
Microsoft Visual Studio Solution File, Format Version 12.00
# Visual Studio Version 17
VisualStudioVersion = 17.1.32210.238
MinimumVisualStudioVersion = 10.0.40219.1
Project("{FAE04EC0-301F-11D3-BF4B-00C04F79EFBC}") = "pruebasvmvc", "pruebasvmvc.csproj", "{AA1E9190-B96A-43DD-8A43-98689035E825}"
EndProject
Global
	GlobalSection(SolutionConfigurationPlatforms) = preSolution
		Debug|Any CPU = Debug|Any CPU
		Release|Any CPU = Release|Any CPU
	EndGlobalSection
	GlobalSection(ProjectConfigurationPlatforms) = postSolution
		{AA1E9190-B96A-43DD-8A43-98689035E825}.Debug|Any CPU.ActiveCfg = Debug|Any CPU
		{AA1E9190-B96A-43DD-8A43-98689035E825}.Debug|Any CPU.Build.0 = Debug|Any CPU
		{AA1E9190-B96A-43DD-8A43-98689035E825}.Release|Any CPU.ActiveCfg = Release|Any CPU
		{AA1E9190-B96A-43DD-8A43-98689035E825}.Release|Any CPU.Build.0 = Release|Any CPU
	EndGlobalSection
	GlobalSection(SolutionProperties) = preSolution
		HideSolutionNode = FALSE
	EndGlobalSection
	GlobalSection(ExtensibilityGlobals) = postSolution
		SolutionGuid = {8895E5E2-5268-40D8-B94B-8415C73DF6CC}
	EndGlobalSection
EndGlobal
